
Microsoft Visual Studio Solution File, Format Version 12.00
# Visual Studio 15
Project("{FAE04EC0-301F-11D3-BF4B-00C04F79EFBC}") = "GPUParticleSystem", "GPUParticleSystem.csproj", "{74C77A9B-04AC-C7B5-C14B-962B78A9012A}"
EndProject
Project("{FAE04EC0-301F-11D3-BF4B-00C04F79EFBC}") = "GPUParticleSystem.Plugins", "GPUParticleSystem.Plugins.csproj", "{261BF8E6-AD7B-AF6D-C584-843B53027AAB}"
EndProject
Project("{FAE04EC0-301F-11D3-BF4B-00C04F79EFBC}") = "GPUParticleSystem.Editor.Plugins", "GPUParticleSystem.Editor.Plugins.csproj", "{A75BD298-F12D-D4BE-AB2E-ADDB60833053}"
EndProject
Global
	GlobalSection(SolutionConfigurationPlatforms) = preSolution
		Debug|Any CPU = Debug|Any CPU
		Release|Any CPU = Release|Any CPU
	EndGlobalSection
	GlobalSection(ProjectConfigurationPlatforms) = postSolution
		{74C77A9B-04AC-C7B5-C14B-962B78A9012A}.Debug|Any CPU.ActiveCfg = Debug|Any CPU
		{74C77A9B-04AC-C7B5-C14B-962B78A9012A}.Debug|Any CPU.Build.0 = Debug|Any CPU
		{74C77A9B-04AC-C7B5-C14B-962B78A9012A}.Release|Any CPU.ActiveCfg = Release|Any CPU
		{74C77A9B-04AC-C7B5-C14B-962B78A9012A}.Release|Any CPU.Build.0 = Release|Any CPU
		{261BF8E6-AD7B-AF6D-C584-843B53027AAB}.Debug|Any CPU.ActiveCfg = Debug|Any CPU
		{261BF8E6-AD7B-AF6D-C584-843B53027AAB}.Debug|Any CPU.Build.0 = Debug|Any CPU
		{261BF8E6-AD7B-AF6D-C584-843B53027AAB}.Release|Any CPU.ActiveCfg = Release|Any CPU
		{261BF8E6-AD7B-AF6D-C584-843B53027AAB}.Release|Any CPU.Build.0 = Release|Any CPU
		{A75BD298-F12D-D4BE-AB2E-ADDB60833053}.Debug|Any CPU.ActiveCfg = Debug|Any CPU
		{A75BD298-F12D-D4BE-AB2E-ADDB60833053}.Debug|Any CPU.Build.0 = Debug|Any CPU
		{A75BD298-F12D-D4BE-AB2E-ADDB60833053}.Release|Any CPU.ActiveCfg = Release|Any CPU
		{A75BD298-F12D-D4BE-AB2E-ADDB60833053}.Release|Any CPU.Build.0 = Release|Any CPU
	EndGlobalSection
	GlobalSection(SolutionProperties) = preSolution
		HideSolutionNode = FALSE
	EndGlobalSection
EndGlobal
